
Microsoft Visual Studio Solution File, Format Version 12.00
# Visual Studio Version 17
VisualStudioVersion = 17.10.35122.118
MinimumVisualStudioVersion = 10.0.40219.1
Project("{FAE04EC0-301F-11D3-BF4B-00C04F79EFBC}") = "AutoWoL", "AutoWoL\AutoWoL.csproj", "{458ECBAE-307C-4674-B33B-54FB21A5F991}"
EndProject
Global
	GlobalSection(SolutionConfigurationPlatforms) = preSolution
		Debug|Any CPU = Debug|Any CPU
		Release|Any CPU = Release|Any CPU
	EndGlobalSection
	GlobalSection(ProjectConfigurationPlatforms) = postSolution
		{458ECBAE-307C-4674-B33B-54FB21A5F991}.Debug|Any CPU.ActiveCfg = Debug|Any CPU
		{458ECBAE-307C-4674-B33B-54FB21A5F991}.Debug|Any CPU.Build.0 = Debug|Any CPU
		{458ECBAE-307C-4674-B33B-54FB21A5F991}.Debug|Any CPU.Deploy.0 = Debug|Any CPU
		{458ECBAE-307C-4674-B33B-54FB21A5F991}.Release|Any CPU.ActiveCfg = Release|Any CPU
		{458ECBAE-307C-4674-B33B-54FB21A5F991}.Release|Any CPU.Build.0 = Release|Any CPU
		{458ECBAE-307C-4674-B33B-54FB21A5F991}.Release|Any CPU.Deploy.0 = Release|Any CPU
	EndGlobalSection
	GlobalSection(SolutionProperties) = preSolution
		HideSolutionNode = FALSE
	EndGlobalSection
	GlobalSection(ExtensibilityGlobals) = postSolution
		SolutionGuid = {A4F9C568-3AB7-428A-BFD0-6872ACBC239E}
	EndGlobalSection
EndGlobal
